<Solution>
  <Folder Name="/Solution Items/">
    <File Path=".gitignore" />
  </Folder>
  <Project Path="WorkoutTracker.Api/WorkoutTracker.Api.csproj" />
  <Project Path="WorkoutTracker.DAL/WorkoutTracker.DAL.csproj" />
  <Project Path="WorkoutTracker.Logic/WorkoutTracker.Logic.csproj" />
  <Project Path="WorkoutTracker.Models/WorkoutTracker.Models.csproj" />
  <Project Path="WorkoutTracker.UI/WorkoutTracker.UI.csproj" />
</Solution>
